
Microsoft Visual Studio Solution File, Format Version 12.00
# Visual Studio Version 17
VisualStudioVersion = 17.3.32811.315
MinimumVisualStudioVersion = 10.0.40219.1
Project("{FAE04EC0-301F-11D3-BF4B-00C04F79EFBC}") = "BlazorCrudAPI.Server", "Server\BlazorCrudAPI.Server.csproj", "{2E69BBA7-6C22-45A3-A7C7-5C31B40BD7E0}"
EndProject
Project("{FAE04EC0-301F-11D3-BF4B-00C04F79EFBC}") = "BlazorCrudAPI.Client", "Client\BlazorCrudAPI.Client.csproj", "{C34A2594-0C40-416A-B99A-080DB1E54F49}"
EndProject
Project("{FAE04EC0-301F-11D3-BF4B-00C04F79EFBC}") = "BlazorCrudAPI.Shared", "Shared\BlazorCrudAPI.Shared.csproj", "{C536C835-3A1F-4300-9384-D7DB6412B253}"
EndProject
Global
	GlobalSection(SolutionConfigurationPlatforms) = preSolution
		Debug|Any CPU = Debug|Any CPU
		Release|Any CPU = Release|Any CPU
	EndGlobalSection
	GlobalSection(ProjectConfigurationPlatforms) = postSolution
		{2E69BBA7-6C22-45A3-A7C7-5C31B40BD7E0}.Debug|Any CPU.ActiveCfg = Debug|Any CPU
		{2E69BBA7-6C22-45A3-A7C7-5C31B40BD7E0}.Debug|Any CPU.Build.0 = Debug|Any CPU
		{2E69BBA7-6C22-45A3-A7C7-5C31B40BD7E0}.Release|Any CPU.ActiveCfg = Release|Any CPU
		{2E69BBA7-6C22-45A3-A7C7-5C31B40BD7E0}.Release|Any CPU.Build.0 = Release|Any CPU
		{C34A2594-0C40-416A-B99A-080DB1E54F49}.Debug|Any CPU.ActiveCfg = Debug|Any CPU
		{C34A2594-0C40-416A-B99A-080DB1E54F49}.Debug|Any CPU.Build.0 = Debug|Any CPU
		{C34A2594-0C40-416A-B99A-080DB1E54F49}.Release|Any CPU.ActiveCfg = Release|Any CPU
		{C34A2594-0C40-416A-B99A-080DB1E54F49}.Release|Any CPU.Build.0 = Release|Any CPU
		{C536C835-3A1F-4300-9384-D7DB6412B253}.Debug|Any CPU.ActiveCfg = Debug|Any CPU
		{C536C835-3A1F-4300-9384-D7DB6412B253}.Debug|Any CPU.Build.0 = Debug|Any CPU
		{C536C835-3A1F-4300-9384-D7DB6412B253}.Release|Any CPU.ActiveCfg = Release|Any CPU
		{C536C835-3A1F-4300-9384-D7DB6412B253}.Release|Any CPU.Build.0 = Release|Any CPU
	EndGlobalSection
	GlobalSection(SolutionProperties) = preSolution
		HideSolutionNode = FALSE
	EndGlobalSection
	GlobalSection(ExtensibilityGlobals) = postSolution
		SolutionGuid = {8936D964-07D5-474F-A986-53695A7D0826}
	EndGlobalSection
EndGlobal
